
Microsoft Visual Studio Solution File, Format Version 12.00
# Visual Studio Version 16
VisualStudioVersion = 16.0.31205.134
MinimumVisualStudioVersion = 10.0.40219.1
Project("{9A19103F-16F7-4668-BE54-9A1E7A4F7556}") = "eBank.WebAPI", "eBank\eBank.WebAPI.csproj", "{F8296718-5A0E-44A4-9AAD-C1E4E0290BDF}"
EndProject
Project("{2150E333-8FDC-42A3-9474-1A3956D46DE8}") = "UI", "UI", "{35D1375A-88A3-4585-87C0-FD4A6B34BC25}"
EndProject
Project("{2150E333-8FDC-42A3-9474-1A3956D46DE8}") = "Mobile", "Mobile", "{288ABA10-21E3-4D1E-96A5-B1376E214D2A}"
EndProject
Project("{FAE04EC0-301F-11D3-BF4B-00C04F79EFBC}") = "eBank.Mobile.UWP", "eBank.Mobile\eBank.Mobile.UWP\eBank.Mobile.UWP.csproj", "{F055A19F-4FFA-45CE-84DF-1825041047CC}"
EndProject
Project("{FAE04EC0-301F-11D3-BF4B-00C04F79EFBC}") = "eBank.Mobile.Android", "eBank.Mobile\eBank.Mobile.Android\eBank.Mobile.Android.csproj", "{338E9D03-8DB6-4AB4-B39E-2D285534C1CA}"
EndProject
Project("{FAE04EC0-301F-11D3-BF4B-00C04F79EFBC}") = "eBank.Mobile.iOS", "eBank.Mobile\eBank.Mobile.iOS\eBank.Mobile.iOS.csproj", "{F88D9170-599B-448C-9A8E-C56F88C258DD}"
EndProject
Project("{9A19103F-16F7-4668-BE54-9A1E7A4F7556}") = "eBank.Mobile", "eBank.Mobile\eBank.Mobile\eBank.Mobile.csproj", "{1E0C1BAD-B39C-4F9D-89E9-E1E91FB6A602}"
EndProject
Project("{9A19103F-16F7-4668-BE54-9A1E7A4F7556}") = "eBank.Model", "eBank.Model\eBank.Model.csproj", "{3827CBAE-56E0-43E4-9AD7-E7D175DD25F1}"
EndProject
Project("{FAE04EC0-301F-11D3-BF4B-00C04F79EFBC}") = "eBank.WinUI", "eBank.WinUI\eBank.WinUI.csproj", "{349D6D83-A34C-4178-A758-AB2E9AB77C03}"
EndProject
Global
	GlobalSection(SolutionConfigurationPlatforms) = preSolution
		Debug|Any CPU = Debug|Any CPU
		Debug|ARM = Debug|ARM
		Debug|iPhone = Debug|iPhone
		Debug|iPhoneSimulator = Debug|iPhoneSimulator
		Debug|x64 = Debug|x64
		Debug|x86 = Debug|x86
		Release|Any CPU = Release|Any CPU
		Release|ARM = Release|ARM
		Release|iPhone = Release|iPhone
		Release|iPhoneSimulator = Release|iPhoneSimulator
		Release|x64 = Release|x64
		Release|x86 = Release|x86
	EndGlobalSection
	GlobalSection(ProjectConfigurationPlatforms) = postSolution
		{F8296718-5A0E-44A4-9AAD-C1E4E0290BDF}.Debug|Any CPU.ActiveCfg = Debug|Any CPU
		{F8296718-5A0E-44A4-9AAD-C1E4E0290BDF}.Debug|Any CPU.Build.0 = Debug|Any CPU
		{F8296718-5A0E-44A4-9AAD-C1E4E0290BDF}.Debug|ARM.ActiveCfg = Debug|Any CPU
		{F8296718-5A0E-44A4-9AAD-C1E4E0290BDF}.Debug|ARM.Build.0 = Debug|Any CPU
		{F8296718-5A0E-44A4-9AAD-C1E4E0290BDF}.Debug|iPhone.ActiveCfg = Debug|Any CPU
		{F8296718-5A0E-44A4-9AAD-C1E4E0290BDF}.Debug|iPhone.Build.0 = Debug|Any CPU
		{F8296718-5A0E-44A4-9AAD-C1E4E0290BDF}.Debug|iPhoneSimulator.ActiveCfg = Debug|Any CPU
		{F8296718-5A0E-44A4-9AAD-C1E4E0290BDF}.Debug|iPhoneSimulator.Build.0 = Debug|Any CPU
		{F8296718-5A0E-44A4-9AAD-C1E4E0290BDF}.Debug|x64.ActiveCfg = Debug|Any CPU
		{F8296718-5A0E-44A4-9AAD-C1E4E0290BDF}.Debug|x64.Build.0 = Debug|Any CPU
		{F8296718-5A0E-44A4-9AAD-C1E4E0290BDF}.Debug|x86.ActiveCfg = Debug|Any CPU
		{F8296718-5A0E-44A4-9AAD-C1E4E0290BDF}.Debug|x86.Build.0 = Debug|Any CPU
		{F8296718-5A0E-44A4-9AAD-C1E4E0290BDF}.Release|Any CPU.ActiveCfg = Release|Any CPU
		{F8296718-5A0E-44A4-9AAD-C1E4E0290BDF}.Release|Any CPU.Build.0 = Release|Any CPU
		{F8296718-5A0E-44A4-9AAD-C1E4E0290BDF}.Release|ARM.ActiveCfg = Release|Any CPU
		{F8296718-5A0E-44A4-9AAD-C1E4E0290BDF}.Release|ARM.Build.0 = Release|Any CPU
		{F8296718-5A0E-44A4-9AAD-C1E4E0290BDF}.Release|iPhone.ActiveCfg = Release|Any CPU
		{F8296718-5A0E-44A4-9AAD-C1E4E0290BDF}.Release|iPhone.Build.0 = Release|Any CPU
		{F8296718-5A0E-44A4-9AAD-C1E4E0290BDF}.Release|iPhoneSimulator.ActiveCfg = Release|Any CPU
		{F8296718-5A0E-44A4-9AAD-C1E4E0290BDF}.Release|iPhoneSimulator.Build.0 = Release|Any CPU
		{F8296718-5A0E-44A4-9AAD-C1E4E0290BDF}.Release|x64.ActiveCfg = Release|Any CPU
		{F8296718-5A0E-44A4-9AAD-C1E4E0290BDF}.Release|x64.Build.0 = Release|Any CPU
		{F8296718-5A0E-44A4-9AAD-C1E4E0290BDF}.Release|x86.ActiveCfg = Release|Any CPU
		{F8296718-5A0E-44A4-9AAD-C1E4E0290BDF}.Release|x86.Build.0 = Release|Any CPU
		{F055A19F-4FFA-45CE-84DF-1825041047CC}.Debug|Any CPU.ActiveCfg = Debug|x86
		{F055A19F-4FFA-45CE-84DF-1825041047CC}.Debug|Any CPU.Build.0 = Debug|x86
		{F055A19F-4FFA-45CE-84DF-1825041047CC}.Debug|Any CPU.Deploy.0 = Debug|x86
		{F055A19F-4FFA-45CE-84DF-1825041047CC}.Debug|ARM.ActiveCfg = Debug|ARM
		{F055A19F-4FFA-45CE-84DF-1825041047CC}.Debug|ARM.Build.0 = Debug|ARM
		{F055A19F-4FFA-45CE-84DF-1825041047CC}.Debug|ARM.Deploy.0 = Debug|ARM
		{F055A19F-4FFA-45CE-84DF-1825041047CC}.Debug|iPhone.ActiveCfg = Debug|x86
		{F055A19F-4FFA-45CE-84DF-1825041047CC}.Debug|iPhoneSimulator.ActiveCfg = Debug|x86
		{F055A19F-4FFA-45CE-84DF-1825041047CC}.Debug|x64.ActiveCfg = Debug|x64
		{F055A19F-4FFA-45CE-84DF-1825041047CC}.Debug|x64.Build.0 = Debug|x64
		{F055A19F-4FFA-45CE-84DF-1825041047CC}.Debug|x64.Deploy.0 = Debug|x64
		{F055A19F-4FFA-45CE-84DF-1825041047CC}.Debug|x86.ActiveCfg = Debug|x86
		{F055A19F-4FFA-45CE-84DF-1825041047CC}.Debug|x86.Build.0 = Debug|x86
		{F055A19F-4FFA-45CE-84DF-1825041047CC}.Debug|x86.Deploy.0 = Debug|x86
		{F055A19F-4FFA-45CE-84DF-1825041047CC}.Release|Any CPU.ActiveCfg = Release|x86
		{F055A19F-4FFA-45CE-84DF-1825041047CC}.Release|ARM.ActiveCfg = Release|ARM
		{F055A19F-4FFA-45CE-84DF-1825041047CC}.Release|ARM.Build.0 = Release|ARM
		{F055A19F-4FFA-45CE-84DF-1825041047CC}.Release|ARM.Deploy.0 = Release|ARM
		{F055A19F-4FFA-45CE-84DF-1825041047CC}.Release|iPhone.ActiveCfg = Release|x86
		{F055A19F-4FFA-45CE-84DF-1825041047CC}.Release|iPhoneSimulator.ActiveCfg = Release|x86
		{F055A19F-4FFA-45CE-84DF-1825041047CC}.Release|x64.ActiveCfg = Release|x64
		{F055A19F-4FFA-45CE-84DF-1825041047CC}.Release|x64.Build.0 = Release|x64
		{F055A19F-4FFA-45CE-84DF-1825041047CC}.Release|x64.Deploy.0 = Release|x64
		{F055A19F-4FFA-45CE-84DF-1825041047CC}.Release|x86.ActiveCfg = Release|x86
		{F055A19F-4FFA-45CE-84DF-1825041047CC}.Release|x86.Build.0 = Release|x86
		{F055A19F-4FFA-45CE-84DF-1825041047CC}.Release|x86.Deploy.0 = Release|x86
		{338E9D03-8DB6-4AB4-B39E-2D285534C1CA}.Debug|Any CPU.ActiveCfg = Debug|Any CPU
		{338E9D03-8DB6-4AB4-B39E-2D285534C1CA}.Debug|Any CPU.Build.0 = Debug|Any CPU
		{338E9D03-8DB6-4AB4-B39E-2D285534C1CA}.Debug|Any CPU.Deploy.0 = Debug|Any CPU
		{338E9D03-8DB6-4AB4-B39E-2D285534C1CA}.Debug|ARM.ActiveCfg = Debug|Any CPU
		{338E9D03-8DB6-4AB4-B39E-2D285534C1CA}.Debug|ARM.Build.0 = Debug|Any CPU
		{338E9D03-8DB6-4AB4-B39E-2D285534C1CA}.Debug|ARM.Deploy.0 = Debug|Any CPU
		{338E9D03-8DB6-4AB4-B39E-2D285534C1CA}.Debug|iPhone.ActiveCfg = Debug|Any CPU
		{338E9D03-8DB6-4AB4-B39E-2D285534C1CA}.Debug|iPhone.Build.0 = Debug|Any CPU
		{338E9D03-8DB6-4AB4-B39E-2D285534C1CA}.Debug|iPhone.Deploy.0 = Debug|Any CPU
		{338E9D03-8DB6-4AB4-B39E-2D285534C1CA}.Debug|iPhoneSimulator.ActiveCfg = Debug|Any CPU
		{338E9D03-8DB6-4AB4-B39E-2D285534C1CA}.Debug|iPhoneSimulator.Build.0 = Debug|Any CPU
		{338E9D03-8DB6-4AB4-B39E-2D285534C1CA}.Debug|iPhoneSimulator.Deploy.0 = Debug|Any CPU
		{338E9D03-8DB6-4AB4-B39E-2D285534C1CA}.Debug|x64.ActiveCfg = Debug|Any CPU
		{338E9D03-8DB6-4AB4-B39E-2D285534C1CA}.Debug|x64.Build.0 = Debug|Any CPU
		{338E9D03-8DB6-4AB4-B39E-2D285534C1CA}.Debug|x64.Deploy.0 = Debug|Any CPU
		{338E9D03-8DB6-4AB4-B39E-2D285534C1CA}.Debug|x86.ActiveCfg = Debug|Any CPU
		{338E9D03-8DB6-4AB4-B39E-2D285534C1CA}.Debug|x86.Build.0 = Debug|Any CPU
		{338E9D03-8DB6-4AB4-B39E-2D285534C1CA}.Debug|x86.Deploy.0 = Debug|Any CPU
		{338E9D03-8DB6-4AB4-B39E-2D285534C1CA}.Release|Any CPU.ActiveCfg = Release|Any CPU
		{338E9D03-8DB6-4AB4-B39E-2D285534C1CA}.Release|Any CPU.Build.0 = Release|Any CPU
		{338E9D03-8DB6-4AB4-B39E-2D285534C1CA}.Release|Any CPU.Deploy.0 = Release|Any CPU
		{338E9D03-8DB6-4AB4-B39E-2D285534C1CA}.Release|ARM.ActiveCfg = Release|Any CPU
		{338E9D03-8DB6-4AB4-B39E-2D285534C1CA}.Release|ARM.Build.0 = Release|Any CPU
		{338E9D03-8DB6-4AB4-B39E-2D285534C1CA}.Release|ARM.Deploy.0 = Release|Any CPU
		{338E9D03-8DB6-4AB4-B39E-2D285534C1CA}.Release|iPhone.ActiveCfg = Release|Any CPU
		{338E9D03-8DB6-4AB4-B39E-2D285534C1CA}.Release|iPhone.Build.0 = Release|Any CPU
		{338E9D03-8DB6-4AB4-B39E-2D285534C1CA}.Release|iPhone.Deploy.0 = Release|Any CPU
		{338E9D03-8DB6-4AB4-B39E-2D285534C1CA}.Release|iPhoneSimulator.ActiveCfg = Release|Any CPU
		{338E9D03-8DB6-4AB4-B39E-2D285534C1CA}.Release|iPhoneSimulator.Build.0 = Release|Any CPU
		{338E9D03-8DB6-4AB4-B39E-2D285534C1CA}.Release|iPhoneSimulator.Deploy.0 = Release|Any CPU
		{338E9D03-8DB6-4AB4-B39E-2D285534C1CA}.Release|x64.ActiveCfg = Release|Any CPU
		{338E9D03-8DB6-4AB4-B39E-2D285534C1CA}.Release|x64.Build.0 = Release|Any CPU
		{338E9D03-8DB6-4AB4-B39E-2D285534C1CA}.Release|x64.Deploy.0 = Release|Any CPU
		{338E9D03-8DB6-4AB4-B39E-2D285534C1CA}.Release|x86.ActiveCfg = Release|Any CPU
		{338E9D03-8DB6-4AB4-B39E-2D285534C1CA}.Release|x86.Build.0 = Release|Any CPU
		{338E9D03-8DB6-4AB4-B39E-2D285534C1CA}.Release|x86.Deploy.0 = Release|Any CPU
		{F88D9170-599B-448C-9A8E-C56F88C258DD}.Debug|Any CPU.ActiveCfg = Debug|iPhoneSimulator
		{F88D9170-599B-448C-9A8E-C56F88C258DD}.Debug|ARM.ActiveCfg = Debug|iPhoneSimulator
		{F88D9170-599B-448C-9A8E-C56F88C258DD}.Debug|iPhone.ActiveCfg = Debug|iPhone
		{F88D9170-599B-448C-9A8E-C56F88C258DD}.Debug|iPhone.Build.0 = Debug|iPhone
		{F88D9170-599B-448C-9A8E-C56F88C258DD}.Debug|iPhoneSimulator.ActiveCfg = Debug|iPhoneSimulator
		{F88D9170-599B-448C-9A8E-C56F88C258DD}.Debug|iPhoneSimulator.Build.0 = Debug|iPhoneSimulator
		{F88D9170-599B-448C-9A8E-C56F88C258DD}.Debug|x64.ActiveCfg = Debug|iPhoneSimulator
		{F88D9170-599B-448C-9A8E-C56F88C258DD}.Debug|x86.ActiveCfg = Debug|iPhoneSimulator
		{F88D9170-599B-448C-9A8E-C56F88C258DD}.Release|Any CPU.ActiveCfg = Release|iPhoneSimulator
		{F88D9170-599B-448C-9A8E-C56F88C258DD}.Release|ARM.ActiveCfg = Release|iPhoneSimulator
		{F88D9170-599B-448C-9A8E-C56F88C258DD}.Release|iPhone.ActiveCfg = Release|iPhone
		{F88D9170-599B-448C-9A8E-C56F88C258DD}.Release|iPhone.Build.0 = Release|iPhone
		{F88D9170-599B-448C-9A8E-C56F88C258DD}.Release|iPhoneSimulator.ActiveCfg = Release|iPhoneSimulator
		{F88D9170-599B-448C-9A8E-C56F88C258DD}.Release|iPhoneSimulator.Build.0 = Release|iPhoneSimulator
		{F88D9170-599B-448C-9A8E-C56F88C258DD}.Release|x64.ActiveCfg = Release|iPhoneSimulator
		{F88D9170-599B-448C-9A8E-C56F88C258DD}.Release|x86.ActiveCfg = Release|iPhoneSimulator
		{1E0C1BAD-B39C-4F9D-89E9-E1E91FB6A602}.Debug|Any CPU.ActiveCfg = Debug|Any CPU
		{1E0C1BAD-B39C-4F9D-89E9-E1E91FB6A602}.Debug|Any CPU.Build.0 = Debug|Any CPU
		{1E0C1BAD-B39C-4F9D-89E9-E1E91FB6A602}.Debug|ARM.ActiveCfg = Debug|Any CPU
		{1E0C1BAD-B39C-4F9D-89E9-E1E91FB6A602}.Debug|ARM.Build.0 = Debug|Any CPU
		{1E0C1BAD-B39C-4F9D-89E9-E1E91FB6A602}.Debug|iPhone.ActiveCfg = Debug|Any CPU
		{1E0C1BAD-B39C-4F9D-89E9-E1E91FB6A602}.Debug|iPhone.Build.0 = Debug|Any CPU
		{1E0C1BAD-B39C-4F9D-89E9-E1E91FB6A602}.Debug|iPhoneSimulator.ActiveCfg = Debug|Any CPU
		{1E0C1BAD-B39C-4F9D-89E9-E1E91FB6A602}.Debug|iPhoneSimulator.Build.0 = Debug|Any CPU
		{1E0C1BAD-B39C-4F9D-89E9-E1E91FB6A602}.Debug|x64.ActiveCfg = Debug|Any CPU
		{1E0C1BAD-B39C-4F9D-89E9-E1E91FB6A602}.Debug|x64.Build.0 = Debug|Any CPU
		{1E0C1BAD-B39C-4F9D-89E9-E1E91FB6A602}.Debug|x86.ActiveCfg = Debug|Any CPU
		{1E0C1BAD-B39C-4F9D-89E9-E1E91FB6A602}.Debug|x86.Build.0 = Debug|Any CPU
		{1E0C1BAD-B39C-4F9D-89E9-E1E91FB6A602}.Release|Any CPU.ActiveCfg = Release|Any CPU
		{1E0C1BAD-B39C-4F9D-89E9-E1E91FB6A602}.Release|Any CPU.Build.0 = Release|Any CPU
		{1E0C1BAD-B39C-4F9D-89E9-E1E91FB6A602}.Release|ARM.ActiveCfg = Release|Any CPU
		{1E0C1BAD-B39C-4F9D-89E9-E1E91FB6A602}.Release|ARM.Build.0 = Release|Any CPU
		{1E0C1BAD-B39C-4F9D-89E9-E1E91FB6A602}.Release|iPhone.ActiveCfg = Release|Any CPU
		{1E0C1BAD-B39C-4F9D-89E9-E1E91FB6A602}.Release|iPhone.Build.0 = Release|Any CPU
		{1E0C1BAD-B39C-4F9D-89E9-E1E91FB6A602}.Release|iPhoneSimulator.ActiveCfg = Release|Any CPU
		{1E0C1BAD-B39C-4F9D-89E9-E1E91FB6A602}.Release|iPhoneSimulator.Build.0 = Release|Any CPU
		{1E0C1BAD-B39C-4F9D-89E9-E1E91FB6A602}.Release|x64.ActiveCfg = Release|Any CPU
		{1E0C1BAD-B39C-4F9D-89E9-E1E91FB6A602}.Release|x64.Build.0 = Release|Any CPU
		{1E0C1BAD-B39C-4F9D-89E9-E1E91FB6A602}.Release|x86.ActiveCfg = Release|Any CPU
		{1E0C1BAD-B39C-4F9D-89E9-E1E91FB6A602}.Release|x86.Build.0 = Release|Any CPU
		{3827CBAE-56E0-43E4-9AD7-E7D175DD25F1}.Debug|Any CPU.ActiveCfg = Debug|Any CPU
		{3827CBAE-56E0-43E4-9AD7-E7D175DD25F1}.Debug|Any CPU.Build.0 = Debug|Any CPU
		{3827CBAE-56E0-43E4-9AD7-E7D175DD25F1}.Debug|ARM.ActiveCfg = Debug|Any CPU
		{3827CBAE-56E0-43E4-9AD7-E7D175DD25F1}.Debug|ARM.Build.0 = Debug|Any CPU
		{3827CBAE-56E0-43E4-9AD7-E7D175DD25F1}.Debug|iPhone.ActiveCfg = Debug|Any CPU
		{3827CBAE-56E0-43E4-9AD7-E7D175DD25F1}.Debug|iPhone.Build.0 = Debug|Any CPU
		{3827CBAE-56E0-43E4-9AD7-E7D175DD25F1}.Debug|iPhoneSimulator.ActiveCfg = Debug|Any CPU
		{3827CBAE-56E0-43E4-9AD7-E7D175DD25F1}.Debug|iPhoneSimulator.Build.0 = Debug|Any CPU
		{3827CBAE-56E0-43E4-9AD7-E7D175DD25F1}.Debug|x64.ActiveCfg = Debug|Any CPU
		{3827CBAE-56E0-43E4-9AD7-E7D175DD25F1}.Debug|x64.Build.0 = Debug|Any CPU
		{3827CBAE-56E0-43E4-9AD7-E7D175DD25F1}.Debug|x86.ActiveCfg = Debug|Any CPU
		{3827CBAE-56E0-43E4-9AD7-E7D175DD25F1}.Debug|x86.Build.0 = Debug|Any CPU
		{3827CBAE-56E0-43E4-9AD7-E7D175DD25F1}.Release|Any CPU.ActiveCfg = Release|Any CPU
		{3827CBAE-56E0-43E4-9AD7-E7D175DD25F1}.Release|Any CPU.Build.0 = Release|Any CPU
		{3827CBAE-56E0-43E4-9AD7-E7D175DD25F1}.Release|ARM.ActiveCfg = Release|Any CPU
		{3827CBAE-56E0-43E4-9AD7-E7D175DD25F1}.Release|ARM.Build.0 = Release|Any CPU
		{3827CBAE-56E0-43E4-9AD7-E7D175DD25F1}.Release|iPhone.ActiveCfg = Release|Any CPU
		{3827CBAE-56E0-43E4-9AD7-E7D175DD25F1}.Release|iPhone.Build.0 = Release|Any CPU
		{3827CBAE-56E0-43E4-9AD7-E7D175DD25F1}.Release|iPhoneSimulator.ActiveCfg = Release|Any CPU
		{3827CBAE-56E0-43E4-9AD7-E7D175DD25F1}.Release|iPhoneSimulator.Build.0 = Release|Any CPU
		{3827CBAE-56E0-43E4-9AD7-E7D175DD25F1}.Release|x64.ActiveCfg = Release|Any CPU
		{3827CBAE-56E0-43E4-9AD7-E7D175DD25F1}.Release|x64.Build.0 = Release|Any CPU
		{3827CBAE-56E0-43E4-9AD7-E7D175DD25F1}.Release|x86.ActiveCfg = Release|Any CPU
		{3827CBAE-56E0-43E4-9AD7-E7D175DD25F1}.Release|x86.Build.0 = Release|Any CPU
		{349D6D83-A34C-4178-A758-AB2E9AB77C03}.Debug|Any CPU.ActiveCfg = Debug|Any CPU
		{349D6D83-A34C-4178-A758-AB2E9AB77C03}.Debug|Any CPU.Build.0 = Debug|Any CPU
		{349D6D83-A34C-4178-A758-AB2E9AB77C03}.Debug|ARM.ActiveCfg = Debug|Any CPU
		{349D6D83-A34C-4178-A758-AB2E9AB77C03}.Debug|ARM.Build.0 = Debug|Any CPU
		{349D6D83-A34C-4178-A758-AB2E9AB77C03}.Debug|iPhone.ActiveCfg = Debug|Any CPU
		{349D6D83-A34C-4178-A758-AB2E9AB77C03}.Debug|iPhone.Build.0 = Debug|Any CPU
		{349D6D83-A34C-4178-A758-AB2E9AB77C03}.Debug|iPhoneSimulator.ActiveCfg = Debug|Any CPU
		{349D6D83-A34C-4178-A758-AB2E9AB77C03}.Debug|iPhoneSimulator.Build.0 = Debug|Any CPU
		{349D6D83-A34C-4178-A758-AB2E9AB77C03}.Debug|x64.ActiveCfg = Debug|Any CPU
		{349D6D83-A34C-4178-A758-AB2E9AB77C03}.Debug|x64.Build.0 = Debug|Any CPU
		{349D6D83-A34C-4178-A758-AB2E9AB77C03}.Debug|x86.ActiveCfg = Debug|Any CPU
		{349D6D83-A34C-4178-A758-AB2E9AB77C03}.Debug|x86.Build.0 = Debug|Any CPU
		{349D6D83-A34C-4178-A758-AB2E9AB77C03}.Release|Any CPU.ActiveCfg = Release|Any CPU
		{349D6D83-A34C-4178-A758-AB2E9AB77C03}.Release|Any CPU.Build.0 = Release|Any CPU
		{349D6D83-A34C-4178-A758-AB2E9AB77C03}.Release|ARM.ActiveCfg = Release|Any CPU
		{349D6D83-A34C-4178-A758-AB2E9AB77C03}.Release|ARM.Build.0 = Release|Any CPU
		{349D6D83-A34C-4178-A758-AB2E9AB77C03}.Release|iPhone.ActiveCfg = Release|Any CPU
		{349D6D83-A34C-4178-A758-AB2E9AB77C03}.Release|iPhone.Build.0 = Release|Any CPU
		{349D6D83-A34C-4178-A758-AB2E9AB77C03}.Release|iPhoneSimulator.ActiveCfg = Release|Any CPU
		{349D6D83-A34C-4178-A758-AB2E9AB77C03}.Release|iPhoneSimulator.Build.0 = Release|Any CPU
		{349D6D83-A34C-4178-A758-AB2E9AB77C03}.Release|x64.ActiveCfg = Release|Any CPU
		{349D6D83-A34C-4178-A758-AB2E9AB77C03}.Release|x64.Build.0 = Release|Any CPU
		{349D6D83-A34C-4178-A758-AB2E9AB77C03}.Release|x86.ActiveCfg = Release|Any CPU
		{349D6D83-A34C-4178-A758-AB2E9AB77C03}.Release|x86.Build.0 = Release|Any CPU
	EndGlobalSection
	GlobalSection(SolutionProperties) = preSolution
		HideSolutionNode = FALSE
	EndGlobalSection
	GlobalSection(NestedProjects) = preSolution
		{288ABA10-21E3-4D1E-96A5-B1376E214D2A} = {35D1375A-88A3-4585-87C0-FD4A6B34BC25}
		{F055A19F-4FFA-45CE-84DF-1825041047CC} = {288ABA10-21E3-4D1E-96A5-B1376E214D2A}
		{338E9D03-8DB6-4AB4-B39E-2D285534C1CA} = {288ABA10-21E3-4D1E-96A5-B1376E214D2A}
		{F88D9170-599B-448C-9A8E-C56F88C258DD} = {288ABA10-21E3-4D1E-96A5-B1376E214D2A}
		{1E0C1BAD-B39C-4F9D-89E9-E1E91FB6A602} = {288ABA10-21E3-4D1E-96A5-B1376E214D2A}
		{349D6D83-A34C-4178-A758-AB2E9AB77C03} = {35D1375A-88A3-4585-87C0-FD4A6B34BC25}
	EndGlobalSection
	GlobalSection(ExtensibilityGlobals) = postSolution
		SolutionGuid = {4DEA8E60-A3A2-46C2-AF70-5B45CCD9A253}
	EndGlobalSection
EndGlobal
